github.com/davecgh/go-spew v1.1.1/go.mod h1:J7Y8YcW2NihsgmVo/mv3lAwl/skON4iLHjSsI+c5H38=
github.com/decred/dcrd v1.3.0 h1:EEXm7BdiROfazDtuFsOu9mfotnyy00bgCuVwUqaszFo=
github.com/decred/dcrd/chaincfg/chainhash v1.0.2/go.mod h1:BpbrGgrPTr3YJYRN3Bm+D9NuaFd+zGyNeIKgrhCXK60=
github.com/decred/dcrd/crypto/blake256 v1.0.0/go.mod h1:sQl2p6Y26YV+ZOcSTP6thNdn47hh8kt6rqSlvmrXFAc=
github.com/decred/dcrd/dcrec v1.0.0 h1:W+z6Es+Rai3MXYVoPAxYr5U1DGis0Co33scJ6uH2J6o=
github.com/decred/dcrd/dcrec v1.0.0/go.mod h1:HIaqbEJQ+PDzQcORxnqen5/V1FR3B4VpIfmePklt8Q8=
github.com/decred/dcrd/dcrec/secp256k1 v1.0.3 h1:u4XpHqlscRolxPxt2YHrFBDVZYY1AK+KMV02H1r+HmU=
github.com/decred/dcrd/dcrec/secp256k1 v1.0.3/go.mod h1:eCL8H4MYYjRvsw2TuANvEOcVMFbmi9rt/6hJUWU5wlU=
github.com/decred/dcrd/dcrec/secp256k1/v2 v2.0.0 h1:3GIJYXQDAKpLEFriGFN8SbSffak10UXHGdIcFaMPykY=
github.com/decred/dcrd/dcrec/secp256k1/v2 v2.0.0/go.mod h1:3s92l0paYkZoIHuj4X93Teg/HB7eGM9x/zokGw+u4mY=
github.com/klauspost/cpuid/v2 v2.0.14 h1:QRqdp6bb9M9S5yyKeYteXKuoKE4p0tGlra81fKOpWH8=
github.com/klauspost/cpuid/v2 v2.0.14/go.mod h1:g2LTdtYhdyuGPqyWyv7qRAmj1WBqxuObKfj5c0PQa7c=
github.com/klauspost/reedsolomon v1.10.0 h1:MonMtg979rxSHjwtsla5dZLhreS0Lu42AyQ20bhjIGg=
github.com/klauspost/reedsolomon v1.10.0/go.mod h1:qHMIzMkuZUWqIh8mS/GruPdo3u0qwX2jk/LH440ON7Y=
github.com/petermattis/goid v0.0.0-20180202154549-b0b1615b78e5 h1:q2e307iGHPdTGp0hoxKjt1H5pDo6utceo3dQVK3I5XQ=
github.com/petermattis/goid v0.0.0-20180202154549-b0b1615b78e5/go.mod h1:jvVRKCrJTQWu0XVbaOlby/2lO20uSCHEMzzplHXte1o=
github.com/sasha-s/go-deadlock v0.3.1 h1:sqv7fDNShgjcaxkO0JNcOAlr8B9+cV5Ey/OB71efZx0=
github.com/sasha-s/go-deadlock v0.3.1/go.mod h1:F73l+cr82YSh10GxyRI6qZiCgK64VaZjwesgfQ1/iLM=
